
Microsoft Visual Studio Solution File, Format Version 12.00
# Visual Studio Version 17
VisualStudioVersion = 17.11.35222.181
MinimumVisualStudioVersion = 10.0.40219.1
Project("{FAE04EC0-301F-11D3-BF4B-00C04F79EFBC}") = "EvPar_U6_Equipo2", "EvPar_U6_Equipo2.csproj", "{376FD1AA-F4F3-4F50-8235-BBC32DAA416F}"
EndProject
Global
	GlobalSection(SolutionConfigurationPlatforms) = preSolution
		Debug|Any CPU = Debug|Any CPU
		Release|Any CPU = Release|Any CPU
	EndGlobalSection
	GlobalSection(ProjectConfigurationPlatforms) = postSolution
		{376FD1AA-F4F3-4F50-8235-BBC32DAA416F}.Debug|Any CPU.ActiveCfg = Debug|Any CPU
		{376FD1AA-F4F3-4F50-8235-BBC32DAA416F}.Debug|Any CPU.Build.0 = Debug|Any CPU
		{376FD1AA-F4F3-4F50-8235-BBC32DAA416F}.Release|Any CPU.ActiveCfg = Release|Any CPU
		{376FD1AA-F4F3-4F50-8235-BBC32DAA416F}.Release|Any CPU.Build.0 = Release|Any CPU
	EndGlobalSection
	GlobalSection(SolutionProperties) = preSolution
		HideSolutionNode = FALSE
	EndGlobalSection
	GlobalSection(ExtensibilityGlobals) = postSolution
		SolutionGuid = {93170795-41E1-43EC-98ED-5B776556BB55}
	EndGlobalSection
EndGlobal
